
Microsoft Visual Studio Solution File, Format Version 12.00
# Visual Studio 15
VisualStudioVersion = 15.0.26124.0
MinimumVisualStudioVersion = 15.0.26124.0
Project("{2150E333-8FDC-42A3-9474-1A3956D46DE8}") = "samples", "samples", "{BD9BDC22-5E7C-4585-808F-443B62010518}"
EndProject
Project("{2150E333-8FDC-42A3-9474-1A3956D46DE8}") = "Filters", "Filters", "{5E6F85BC-5225-41C2-B297-5D98906818AE}"
EndProject
Project("{FAE04EC0-301F-11D3-BF4B-00C04F79EFBC}") = "Error", "samples\Filters\Error\Error.csproj", "{7D765CC8-C0CE-4892-B181-BD3717FF3B86}"
EndProject
Project("{2150E333-8FDC-42A3-9474-1A3956D46DE8}") = "src", "src", "{82EC7D42-2E39-46F6-9601-FA33913A4EB5}"
EndProject
Project("{2150E333-8FDC-42A3-9474-1A3956D46DE8}") = "Filters", "Filters", "{C5C31F49-DC7E-4BDC-AEBC-A0224664DCE8}"
EndProject
Project("{FAE04EC0-301F-11D3-BF4B-00C04F79EFBC}") = "Error", "src\Filters\Error\Error.csproj", "{728C9A48-53C0-41A7-86C8-A9754D5328F1}"
EndProject
Project("{2150E333-8FDC-42A3-9474-1A3956D46DE8}") = "tests", "tests", "{F1D5D932-EFCA-43F0-87B6-81ADC0940D60}"
EndProject
Project("{2150E333-8FDC-42A3-9474-1A3956D46DE8}") = "Filters", "Filters", "{29802F64-6109-4841-89DE-B4BD6F0AA45E}"
EndProject
Project("{2150E333-8FDC-42A3-9474-1A3956D46DE8}") = "Error", "Error", "{D22E93E1-1D31-4DD9-823E-586DA20F9142}"
EndProject
Project("{FAE04EC0-301F-11D3-BF4B-00C04F79EFBC}") = "Tests.Error", "tests\Filters\Error\Tests.Error\Tests.Error.csproj", "{F31259DC-7E97-4050-8FC8-2D19DD01AF94}"
EndProject
Project("{FAE04EC0-301F-11D3-BF4B-00C04F79EFBC}") = "Tests.Error.Web", "tests\Filters\Error\Tests.Error.Web\Tests.Error.Web.csproj", "{6A0FD3D1-2F9F-47E8-8481-67CCF435B081}"
EndProject
Project("{2150E333-8FDC-42A3-9474-1A3956D46DE8}") = "Authentication", "Authentication", "{DDFC72B2-92CB-41FB-85E5-B560D7D004D5}"
EndProject
Project("{FAE04EC0-301F-11D3-BF4B-00C04F79EFBC}") = "JWT", "src\Authentication\JWT\JWT.csproj", "{32F69F18-F877-41CF-8C4A-45A465A2632E}"
EndProject
Project("{2150E333-8FDC-42A3-9474-1A3956D46DE8}") = "Authentication", "Authentication", "{A42F5C4C-C045-4A5A-9BF3-7A91AD3F4BFE}"
EndProject
Project("{FAE04EC0-301F-11D3-BF4B-00C04F79EFBC}") = "JWT", "samples\Authentication\JWT\JWT.csproj", "{2FAA4523-845A-4AC8-96A7-3FEF6C419238}"
EndProject
Project("{FAE04EC0-301F-11D3-BF4B-00C04F79EFBC}") = "Extensions", "src\Extensions\Extensions.csproj", "{B9AFB4F4-2084-43D9-8535-692AE2D567DC}"
EndProject
Project("{2150E333-8FDC-42A3-9474-1A3956D46DE8}") = "Authentication", "Authentication", "{01867768-930E-4D35-B3E4-35CBB5E25619}"
EndProject
Project("{FAE04EC0-301F-11D3-BF4B-00C04F79EFBC}") = "Tests.Jwt", "tests\Authentication\Tests.Jwt\Tests.Jwt.csproj", "{95D7C991-6F3B-464B-8016-EC3B2508465B}"
EndProject
Project("{FAE04EC0-301F-11D3-BF4B-00C04F79EFBC}") = "Tests.Jwt.Web", "tests\Authentication\Tests.Jwt.Web\Tests.Jwt.Web.csproj", "{7D8D9BFB-6D3E-433A-A688-FD38B9B3C314}"
EndProject
Global
	GlobalSection(SolutionConfigurationPlatforms) = preSolution
		Debug|Any CPU = Debug|Any CPU
		Debug|x64 = Debug|x64
		Debug|x86 = Debug|x86
		Release|Any CPU = Release|Any CPU
		Release|x64 = Release|x64
		Release|x86 = Release|x86
	EndGlobalSection
	GlobalSection(SolutionProperties) = preSolution
		HideSolutionNode = FALSE
	EndGlobalSection
	GlobalSection(ProjectConfigurationPlatforms) = postSolution
		{7D765CC8-C0CE-4892-B181-BD3717FF3B86}.Debug|Any CPU.ActiveCfg = Debug|Any CPU
		{7D765CC8-C0CE-4892-B181-BD3717FF3B86}.Debug|Any CPU.Build.0 = Debug|Any CPU
		{7D765CC8-C0CE-4892-B181-BD3717FF3B86}.Debug|x64.ActiveCfg = Debug|Any CPU
		{7D765CC8-C0CE-4892-B181-BD3717FF3B86}.Debug|x64.Build.0 = Debug|Any CPU
		{7D765CC8-C0CE-4892-B181-BD3717FF3B86}.Debug|x86.ActiveCfg = Debug|Any CPU
		{7D765CC8-C0CE-4892-B181-BD3717FF3B86}.Debug|x86.Build.0 = Debug|Any CPU
		{7D765CC8-C0CE-4892-B181-BD3717FF3B86}.Release|Any CPU.ActiveCfg = Release|Any CPU
		{7D765CC8-C0CE-4892-B181-BD3717FF3B86}.Release|Any CPU.Build.0 = Release|Any CPU
		{7D765CC8-C0CE-4892-B181-BD3717FF3B86}.Release|x64.ActiveCfg = Release|Any CPU
		{7D765CC8-C0CE-4892-B181-BD3717FF3B86}.Release|x64.Build.0 = Release|Any CPU
		{7D765CC8-C0CE-4892-B181-BD3717FF3B86}.Release|x86.ActiveCfg = Release|Any CPU
		{7D765CC8-C0CE-4892-B181-BD3717FF3B86}.Release|x86.Build.0 = Release|Any CPU
		{728C9A48-53C0-41A7-86C8-A9754D5328F1}.Debug|Any CPU.ActiveCfg = Debug|Any CPU
		{728C9A48-53C0-41A7-86C8-A9754D5328F1}.Debug|Any CPU.Build.0 = Debug|Any CPU
		{728C9A48-53C0-41A7-86C8-A9754D5328F1}.Debug|x64.ActiveCfg = Debug|Any CPU
		{728C9A48-53C0-41A7-86C8-A9754D5328F1}.Debug|x64.Build.0 = Debug|Any CPU
		{728C9A48-53C0-41A7-86C8-A9754D5328F1}.Debug|x86.ActiveCfg = Debug|Any CPU
		{728C9A48-53C0-41A7-86C8-A9754D5328F1}.Debug|x86.Build.0 = Debug|Any CPU
		{728C9A48-53C0-41A7-86C8-A9754D5328F1}.Release|Any CPU.ActiveCfg = Release|Any CPU
		{728C9A48-53C0-41A7-86C8-A9754D5328F1}.Release|Any CPU.Build.0 = Release|Any CPU
		{728C9A48-53C0-41A7-86C8-A9754D5328F1}.Release|x64.ActiveCfg = Release|Any CPU
		{728C9A48-53C0-41A7-86C8-A9754D5328F1}.Release|x64.Build.0 = Release|Any CPU
		{728C9A48-53C0-41A7-86C8-A9754D5328F1}.Release|x86.ActiveCfg = Release|Any CPU
		{728C9A48-53C0-41A7-86C8-A9754D5328F1}.Release|x86.Build.0 = Release|Any CPU
		{F31259DC-7E97-4050-8FC8-2D19DD01AF94}.Debug|Any CPU.ActiveCfg = Debug|Any CPU
		{F31259DC-7E97-4050-8FC8-2D19DD01AF94}.Debug|Any CPU.Build.0 = Debug|Any CPU
		{F31259DC-7E97-4050-8FC8-2D19DD01AF94}.Debug|x64.ActiveCfg = Debug|Any CPU
		{F31259DC-7E97-4050-8FC8-2D19DD01AF94}.Debug|x64.Build.0 = Debug|Any CPU
		{F31259DC-7E97-4050-8FC8-2D19DD01AF94}.Debug|x86.ActiveCfg = Debug|Any CPU
		{F31259DC-7E97-4050-8FC8-2D19DD01AF94}.Debug|x86.Build.0 = Debug|Any CPU
		{F31259DC-7E97-4050-8FC8-2D19DD01AF94}.Release|Any CPU.ActiveCfg = Release|Any CPU
		{F31259DC-7E97-4050-8FC8-2D19DD01AF94}.Release|Any CPU.Build.0 = Release|Any CPU
		{F31259DC-7E97-4050-8FC8-2D19DD01AF94}.Release|x64.ActiveCfg = Release|Any CPU
		{F31259DC-7E97-4050-8FC8-2D19DD01AF94}.Release|x64.Build.0 = Release|Any CPU
		{F31259DC-7E97-4050-8FC8-2D19DD01AF94}.Release|x86.ActiveCfg = Release|Any CPU
		{F31259DC-7E97-4050-8FC8-2D19DD01AF94}.Release|x86.Build.0 = Release|Any CPU
		{6A0FD3D1-2F9F-47E8-8481-67CCF435B081}.Debug|Any CPU.ActiveCfg = Debug|Any CPU
		{6A0FD3D1-2F9F-47E8-8481-67CCF435B081}.Debug|Any CPU.Build.0 = Debug|Any CPU
		{6A0FD3D1-2F9F-47E8-8481-67CCF435B081}.Debug|x64.ActiveCfg = Debug|Any CPU
		{6A0FD3D1-2F9F-47E8-8481-67CCF435B081}.Debug|x64.Build.0 = Debug|Any CPU
		{6A0FD3D1-2F9F-47E8-8481-67CCF435B081}.Debug|x86.ActiveCfg = Debug|Any CPU
		{6A0FD3D1-2F9F-47E8-8481-67CCF435B081}.Debug|x86.Build.0 = Debug|Any CPU
		{6A0FD3D1-2F9F-47E8-8481-67CCF435B081}.Release|Any CPU.ActiveCfg = Release|Any CPU
		{6A0FD3D1-2F9F-47E8-8481-67CCF435B081}.Release|Any CPU.Build.0 = Release|Any CPU
		{6A0FD3D1-2F9F-47E8-8481-67CCF435B081}.Release|x64.ActiveCfg = Release|Any CPU
		{6A0FD3D1-2F9F-47E8-8481-67CCF435B081}.Release|x64.Build.0 = Release|Any CPU
		{6A0FD3D1-2F9F-47E8-8481-67CCF435B081}.Release|x86.ActiveCfg = Release|Any CPU
		{6A0FD3D1-2F9F-47E8-8481-67CCF435B081}.Release|x86.Build.0 = Release|Any CPU
		{32F69F18-F877-41CF-8C4A-45A465A2632E}.Debug|Any CPU.ActiveCfg = Debug|Any CPU
		{32F69F18-F877-41CF-8C4A-45A465A2632E}.Debug|Any CPU.Build.0 = Debug|Any CPU
		{32F69F18-F877-41CF-8C4A-45A465A2632E}.Debug|x64.ActiveCfg = Debug|Any CPU
		{32F69F18-F877-41CF-8C4A-45A465A2632E}.Debug|x64.Build.0 = Debug|Any CPU
		{32F69F18-F877-41CF-8C4A-45A465A2632E}.Debug|x86.ActiveCfg = Debug|Any CPU
		{32F69F18-F877-41CF-8C4A-45A465A2632E}.Debug|x86.Build.0 = Debug|Any CPU
		{32F69F18-F877-41CF-8C4A-45A465A2632E}.Release|Any CPU.ActiveCfg = Release|Any CPU
		{32F69F18-F877-41CF-8C4A-45A465A2632E}.Release|Any CPU.Build.0 = Release|Any CPU
		{32F69F18-F877-41CF-8C4A-45A465A2632E}.Release|x64.ActiveCfg = Release|Any CPU
		{32F69F18-F877-41CF-8C4A-45A465A2632E}.Release|x64.Build.0 = Release|Any CPU
		{32F69F18-F877-41CF-8C4A-45A465A2632E}.Release|x86.ActiveCfg = Release|Any CPU
		{32F69F18-F877-41CF-8C4A-45A465A2632E}.Release|x86.Build.0 = Release|Any CPU
		{2FAA4523-845A-4AC8-96A7-3FEF6C419238}.Debug|Any CPU.ActiveCfg = Debug|Any CPU
		{2FAA4523-845A-4AC8-96A7-3FEF6C419238}.Debug|Any CPU.Build.0 = Debug|Any CPU
		{2FAA4523-845A-4AC8-96A7-3FEF6C419238}.Debug|x64.ActiveCfg = Debug|Any CPU
		{2FAA4523-845A-4AC8-96A7-3FEF6C419238}.Debug|x64.Build.0 = Debug|Any CPU
		{2FAA4523-845A-4AC8-96A7-3FEF6C419238}.Debug|x86.ActiveCfg = Debug|Any CPU
		{2FAA4523-845A-4AC8-96A7-3FEF6C419238}.Debug|x86.Build.0 = Debug|Any CPU
		{2FAA4523-845A-4AC8-96A7-3FEF6C419238}.Release|Any CPU.ActiveCfg = Release|Any CPU
		{2FAA4523-845A-4AC8-96A7-3FEF6C419238}.Release|Any CPU.Build.0 = Release|Any CPU
		{2FAA4523-845A-4AC8-96A7-3FEF6C419238}.Release|x64.ActiveCfg = Release|Any CPU
		{2FAA4523-845A-4AC8-96A7-3FEF6C419238}.Release|x64.Build.0 = Release|Any CPU
		{2FAA4523-845A-4AC8-96A7-3FEF6C419238}.Release|x86.ActiveCfg = Release|Any CPU
		{2FAA4523-845A-4AC8-96A7-3FEF6C419238}.Release|x86.Build.0 = Release|Any CPU
		{B9AFB4F4-2084-43D9-8535-692AE2D567DC}.Debug|Any CPU.ActiveCfg = Debug|Any CPU
		{B9AFB4F4-2084-43D9-8535-692AE2D567DC}.Debug|Any CPU.Build.0 = Debug|Any CPU
		{B9AFB4F4-2084-43D9-8535-692AE2D567DC}.Debug|x64.ActiveCfg = Debug|Any CPU
		{B9AFB4F4-2084-43D9-8535-692AE2D567DC}.Debug|x64.Build.0 = Debug|Any CPU
		{B9AFB4F4-2084-43D9-8535-692AE2D567DC}.Debug|x86.ActiveCfg = Debug|Any CPU
		{B9AFB4F4-2084-43D9-8535-692AE2D567DC}.Debug|x86.Build.0 = Debug|Any CPU
		{B9AFB4F4-2084-43D9-8535-692AE2D567DC}.Release|Any CPU.ActiveCfg = Release|Any CPU
		{B9AFB4F4-2084-43D9-8535-692AE2D567DC}.Release|Any CPU.Build.0 = Release|Any CPU
		{B9AFB4F4-2084-43D9-8535-692AE2D567DC}.Release|x64.ActiveCfg = Release|Any CPU
		{B9AFB4F4-2084-43D9-8535-692AE2D567DC}.Release|x64.Build.0 = Release|Any CPU
		{B9AFB4F4-2084-43D9-8535-692AE2D567DC}.Release|x86.ActiveCfg = Release|Any CPU
		{B9AFB4F4-2084-43D9-8535-692AE2D567DC}.Release|x86.Build.0 = Release|Any CPU
		{95D7C991-6F3B-464B-8016-EC3B2508465B}.Debug|Any CPU.ActiveCfg = Debug|Any CPU
		{95D7C991-6F3B-464B-8016-EC3B2508465B}.Debug|Any CPU.Build.0 = Debug|Any CPU
		{95D7C991-6F3B-464B-8016-EC3B2508465B}.Debug|x64.ActiveCfg = Debug|Any CPU
		{95D7C991-6F3B-464B-8016-EC3B2508465B}.Debug|x64.Build.0 = Debug|Any CPU
		{95D7C991-6F3B-464B-8016-EC3B2508465B}.Debug|x86.ActiveCfg = Debug|Any CPU
		{95D7C991-6F3B-464B-8016-EC3B2508465B}.Debug|x86.Build.0 = Debug|Any CPU
		{95D7C991-6F3B-464B-8016-EC3B2508465B}.Release|Any CPU.ActiveCfg = Release|Any CPU
		{95D7C991-6F3B-464B-8016-EC3B2508465B}.Release|Any CPU.Build.0 = Release|Any CPU
		{95D7C991-6F3B-464B-8016-EC3B2508465B}.Release|x64.ActiveCfg = Release|Any CPU
		{95D7C991-6F3B-464B-8016-EC3B2508465B}.Release|x64.Build.0 = Release|Any CPU
		{95D7C991-6F3B-464B-8016-EC3B2508465B}.Release|x86.ActiveCfg = Release|Any CPU
		{95D7C991-6F3B-464B-8016-EC3B2508465B}.Release|x86.Build.0 = Release|Any CPU
		{7D8D9BFB-6D3E-433A-A688-FD38B9B3C314}.Debug|Any CPU.ActiveCfg = Debug|Any CPU
		{7D8D9BFB-6D3E-433A-A688-FD38B9B3C314}.Debug|Any CPU.Build.0 = Debug|Any CPU
		{7D8D9BFB-6D3E-433A-A688-FD38B9B3C314}.Debug|x64.ActiveCfg = Debug|Any CPU
		{7D8D9BFB-6D3E-433A-A688-FD38B9B3C314}.Debug|x64.Build.0 = Debug|Any CPU
		{7D8D9BFB-6D3E-433A-A688-FD38B9B3C314}.Debug|x86.ActiveCfg = Debug|Any CPU
		{7D8D9BFB-6D3E-433A-A688-FD38B9B3C314}.Debug|x86.Build.0 = Debug|Any CPU
		{7D8D9BFB-6D3E-433A-A688-FD38B9B3C314}.Release|Any CPU.ActiveCfg = Release|Any CPU
		{7D8D9BFB-6D3E-433A-A688-FD38B9B3C314}.Release|Any CPU.Build.0 = Release|Any CPU
		{7D8D9BFB-6D3E-433A-A688-FD38B9B3C314}.Release|x64.ActiveCfg = Release|Any CPU
		{7D8D9BFB-6D3E-433A-A688-FD38B9B3C314}.Release|x64.Build.0 = Release|Any CPU
		{7D8D9BFB-6D3E-433A-A688-FD38B9B3C314}.Release|x86.ActiveCfg = Release|Any CPU
		{7D8D9BFB-6D3E-433A-A688-FD38B9B3C314}.Release|x86.Build.0 = Release|Any CPU
	EndGlobalSection
	GlobalSection(NestedProjects) = preSolution
		{5E6F85BC-5225-41C2-B297-5D98906818AE} = {BD9BDC22-5E7C-4585-808F-443B62010518}
		{7D765CC8-C0CE-4892-B181-BD3717FF3B86} = {5E6F85BC-5225-41C2-B297-5D98906818AE}
		{C5C31F49-DC7E-4BDC-AEBC-A0224664DCE8} = {82EC7D42-2E39-46F6-9601-FA33913A4EB5}
		{728C9A48-53C0-41A7-86C8-A9754D5328F1} = {C5C31F49-DC7E-4BDC-AEBC-A0224664DCE8}
		{29802F64-6109-4841-89DE-B4BD6F0AA45E} = {F1D5D932-EFCA-43F0-87B6-81ADC0940D60}
		{D22E93E1-1D31-4DD9-823E-586DA20F9142} = {29802F64-6109-4841-89DE-B4BD6F0AA45E}
		{F31259DC-7E97-4050-8FC8-2D19DD01AF94} = {D22E93E1-1D31-4DD9-823E-586DA20F9142}
		{6A0FD3D1-2F9F-47E8-8481-67CCF435B081} = {D22E93E1-1D31-4DD9-823E-586DA20F9142}
		{DDFC72B2-92CB-41FB-85E5-B560D7D004D5} = {82EC7D42-2E39-46F6-9601-FA33913A4EB5}
		{32F69F18-F877-41CF-8C4A-45A465A2632E} = {DDFC72B2-92CB-41FB-85E5-B560D7D004D5}
		{A42F5C4C-C045-4A5A-9BF3-7A91AD3F4BFE} = {BD9BDC22-5E7C-4585-808F-443B62010518}
		{2FAA4523-845A-4AC8-96A7-3FEF6C419238} = {A42F5C4C-C045-4A5A-9BF3-7A91AD3F4BFE}
		{B9AFB4F4-2084-43D9-8535-692AE2D567DC} = {82EC7D42-2E39-46F6-9601-FA33913A4EB5}
		{01867768-930E-4D35-B3E4-35CBB5E25619} = {F1D5D932-EFCA-43F0-87B6-81ADC0940D60}
		{95D7C991-6F3B-464B-8016-EC3B2508465B} = {01867768-930E-4D35-B3E4-35CBB5E25619}
		{7D8D9BFB-6D3E-433A-A688-FD38B9B3C314} = {01867768-930E-4D35-B3E4-35CBB5E25619}
	EndGlobalSection
EndGlobal
